{
  "name": "wd-cli",
  "version": "1.0.0",
  "lockfileVersion": 1,
  "requires": true,
  "dependencies": {
    "babel-cli": {
      "version": "6.26.0",
      "resolved": "https://registry.npm.taobao.org/babel-cli/download/babel-cli-6.26.0.tgz",
      "dev": true,
      "dependencies": {
        "babel-core": {
          "version": "https://registry.npm.taobao.org/babel-core/download/babel-core-6.26.3.tgz?cache=0&other_urls=https%3A%2F%2Fregistry.npm.taobao.org%2Fbabel-core%2Fdownload%2Fbabel-core-6.26.3.tgz",
          "bundled": true
        },
        "babel-polyfill": {
          "version": "https://registry.npm.taobao.org/babel-polyfill/download/babel-polyfill-6.26.0.tgz",
          "bundled": true
        },
        "babel-register": {
          "version": "https://registry.npm.taobao.org/babel-register/download/babel-register-6.26.0.tgz",
          "bundled": true,
          "dependencies": {
            "babel-core": {
              "version": "https://registry.npm.taobao.org/babel-core/download/babel-core-6.26.3.tgz?cache=0&other_urls=https%3A%2F%2Fregistry.npm.taobao.org%2Fbabel-core%2Fdownload%2Fbabel-core-6.26.3.tgz",
              "dependencies": {
                "babel-code-frame": {
                  "version": "https://registry.npm.taobao.org/babel-code-frame/download/babel-code-frame-6.26.0.tgz",
                  "dependencies": {
                    "chalk": {
                      "version": "https://registry.npm.taobao.org/chalk/download/chalk-1.1.3.tgz?cache=0&sync_timestamp=1585817115368&other_urls=https%3A%2F%2Fregistry.npm.taobao.org%2Fchalk%2Fdownload%2Fchalk-1.1.3.tgz"
                    },
                    "esutils": {
                      "version": "https://registry.npm.taobao.org/esutils/download/esutils-2.0.3.tgz"
                    },
                    "js-tokens": {
                      "version": "https://registry.npm.taobao.org/js-tokens/download/js-tokens-3.0.2.tgz"
                    }
                  }
                },
                "babel-generator": {
                  "version": "https://registry.npm.taobao.org/babel-generator/download/babel-generator-6.26.1.tgz"
                },
                "babel-helpers": {
                  "version": "https://registry.npm.taobao.org/babel-helpers/download/babel-helpers-6.24.1.tgz"
                },
                "babel-messages": {
                  "version": "https://registry.npm.taobao.org/babel-messages/download/babel-messages-6.23.0.tgz",
                  "dependencies": {
                    "babel-runtime": {
                      "version": "https://registry.npm.taobao.org/babel-runtime/download/babel-runtime-6.26.0.tgz"
                    }
                  }
                },
                "babel-register": {
                  "version": "https://registry.npm.taobao.org/babel-register/download/babel-register-6.26.0.tgz"
                },
                "babel-runtime": {
                  "version": "https://registry.npm.taobao.org/babel-runtime/download/babel-runtime-6.26.0.tgz",
                  "dependencies": {
                    "core-js": {
                      "version": "https://registry.npm.taobao.org/core-js/download/core-js-2.6.11.tgz?cache=0&sync_timestamp=1586450387231&other_urls=https%3A%2F%2Fregistry.npm.taobao.org%2Fcore-js%2Fdownload%2Fcore-js-2.6.11.tgz",
                      "bundled": true
                    },
                    "regenerator-runtime": {
                      "version": "https://registry.npm.taobao.org/regenerator-runtime/download/regenerator-runtime-0.11.1.tgz",
                      "bundled": true
                    }
                  }
                },
                "babel-template": {
                  "version": "https://registry.npm.taobao.org/babel-template/download/babel-template-6.26.0.tgz",
                  "dependencies": {
                    "babel-runtime": {
                      "version": "https://registry.npm.taobao.org/babel-runtime/download/babel-runtime-6.26.0.tgz",
                      "bundled": true,
                      "dependencies": {
                        "core-js": {
                          "version": "https://registry.npm.taobao.org/core-js/download/core-js-2.6.11.tgz?cache=0&sync_timestamp=1586450387231&other_urls=https%3A%2F%2Fregistry.npm.taobao.org%2Fcore-js%2Fdownload%2Fcore-js-2.6.11.tgz",
                          "bundled": true
                        },
                        "regenerator-runtime": {
                          "version": "https://registry.npm.taobao.org/regenerator-runtime/download/regenerator-runtime-0.11.1.tgz",
                          "bundled": true
                        }
                      }
                    },
                    "babel-traverse": {
                      "version": "https://registry.npm.taobao.org/babel-traverse/download/babel-traverse-6.26.0.tgz",
                      "bundled": true
                    },
                    "babel-types": {
                      "version": "https://registry.npm.taobao.org/babel-types/download/babel-types-6.26.0.tgz",
                      "bundled": true,
                      "dependencies": {
                        "babel-runtime": {
                          "version": "https://registry.npm.taobao.org/babel-runtime/download/babel-runtime-6.26.0.tgz",
                          "dependencies": {
                            "core-js": {
                              "version": "https://registry.npm.taobao.org/core-js/download/core-js-2.6.11.tgz?cache=0&sync_timestamp=1586450387231&other_urls=https%3A%2F%2Fregistry.npm.taobao.org%2Fcore-js%2Fdownload%2Fcore-js-2.6.11.tgz",
                              "bundled": true
                            },
                            "regenerator-runtime": {
                              "version": "https://registry.npm.taobao.org/regenerator-runtime/download/regenerator-runtime-0.11.1.tgz",
                              "bundled": true
                            }
                          }
                        },
                        "esutils": {
                          "version": "https://registry.npm.taobao.org/esutils/download/esutils-2.0.3.tgz"
                        },
                        "lodash": {
                          "version": "https://registry.npm.taobao.org/lodash/download/lodash-4.17.15.tgz"
                        },
                        "to-fast-properties": {
                          "version": "https://registry.npm.taobao.org/to-fast-properties/download/to-fast-properties-1.0.3.tgz"
                        }
                      }
                    },
                    "babylon": {
                      "version": "https://registry.npm.taobao.org/babylon/download/babylon-6.18.0.tgz",
                      "bundled": true
                    },
                    "lodash": {
                      "version": "https://registry.npm.taobao.org/lodash/download/lodash-4.17.15.tgz",
                      "bundled": true
                    }
                  }
                },
                "babel-traverse": {
                  "version": "https://registry.npm.taobao.org/babel-traverse/download/babel-traverse-6.26.0.tgz",
                  "dependencies": {
                    "babel-code-frame": {
                      "version": "https://registry.npm.taobao.org/babel-code-frame/download/babel-code-frame-6.26.0.tgz"
                    },
                    "babel-messages": {
                      "version": "https://registry.npm.taobao.org/babel-messages/download/babel-messages-6.23.0.tgz",
                      "dependencies": {
                        "babel-runtime": {
                          "version": "https://registry.npm.taobao.org/babel-runtime/download/babel-runtime-6.26.0.tgz"
                        }
                      }
                    },
                    "babel-runtime": {
                      "version": "https://registry.npm.taobao.org/babel-runtime/download/babel-runtime-6.26.0.tgz",
                      "dependencies": {
                        "core-js": {
                          "version": "https://registry.npm.taobao.org/core-js/download/core-js-2.6.11.tgz?cache=0&sync_timestamp=1586450387231&other_urls=https%3A%2F%2Fregistry.npm.taobao.org%2Fcore-js%2Fdownload%2Fcore-js-2.6.11.tgz",
                          "bundled": true
                        },
                        "regenerator-runtime": {
                          "version": "https://registry.npm.taobao.org/regenerator-runtime/download/regenerator-runtime-0.11.1.tgz",
                          "bundled": true
                        }
                      }
                    },
                    "babel-types": {
                      "version": "https://registry.npm.taobao.org/babel-types/download/babel-types-6.26.0.tgz",
                      "dependencies": {
                        "babel-runtime": {
                          "version": "https://registry.npm.taobao.org/babel-runtime/download/babel-runtime-6.26.0.tgz",
                          "dependencies": {}
                        },
                        "esutils": {
                          "version": "https://registry.npm.taobao.org/esutils/download/esutils-2.0.3.tgz"
                        },
                        "lodash": {
                          "version": "https://registry.npm.taobao.org/lodash/download/lodash-4.17.15.tgz"
                        },
                        "to-fast-properties": {
                          "version": "https://registry.npm.taobao.org/to-fast-properties/download/to-fast-properties-1.0.3.tgz"
                        }
                      }
                    },
                    "babylon": {
                      "version": "https://registry.npm.taobao.org/babylon/download/babylon-6.18.0.tgz"
                    },
                    "debug": {
                      "version": "https://registry.npm.taobao.org/debug/download/debug-2.6.9.tgz",
                      "dependencies": {
                        "ms": {
                          "version": "https://registry.npm.taobao.org/ms/download/ms-2.0.0.tgz",
                          "bundled": true
                        }
                      }
                    },
                    "globals": {
                      "version": "https://registry.npm.taobao.org/globals/download/globals-9.18.0.tgz"
                    },
                    "invariant": {
                      "version": "https://registry.npm.taobao.org/invariant/download/invariant-2.2.4.tgz"
                    },
                    "lodash": {
                      "version": "https://registry.npm.taobao.org/lodash/download/lodash-4.17.15.tgz"
                    }
                  }
                },
                "babel-types": {
                  "version": "https://registry.npm.taobao.org/babel-types/download/babel-types-6.26.0.tgz",
                  "dependencies": {
                    "babel-runtime": {
                      "version": "https://registry.npm.taobao.org/babel-runtime/download/babel-runtime-6.26.0.tgz",
                      "dependencies": {}
                    },
                    "esutils": {
                      "version": "https://registry.npm.taobao.org/esutils/download/esutils-2.0.3.tgz"
                    },
                    "lodash": {
                      "version": "https://registry.npm.taobao.org/lodash/download/lodash-4.17.15.tgz"
                    },
                    "to-fast-properties": {
                      "version": "https://registry.npm.taobao.org/to-fast-properties/download/to-fast-properties-1.0.3.tgz"
                    }
                  }
                },
                "babylon": {
                  "version": "https://registry.npm.taobao.org/babylon/download/babylon-6.18.0.tgz"
                },
                "convert-source-map": {
                  "version": "https://registry.npm.taobao.org/convert-source-map/download/convert-source-map-1.7.0.tgz",
                  "dependencies": {
                    "safe-buffer": {
                      "version": "https://registry.npm.taobao.org/safe-buffer/download/safe-buffer-5.1.2.tgz?cache=0&sync_timestamp=1589129126331&other_urls=https%3A%2F%2Fregistry.npm.taobao.org%2Fsafe-buffer%2Fdownload%2Fsafe-buffer-5.1.2.tgz",
                      "bundled": true
                    }
                  }
                },
                "debug": {
                  "version": "https://registry.npm.taobao.org/debug/download/debug-2.6.9.tgz",
                  "dependencies": {
                    "ms": {
                      "version": "https://registry.npm.taobao.org/ms/download/ms-2.0.0.tgz",
                      "bundled": true
                    }
                  }
                },
                "json5": {
                  "version": "https://registry.npm.taobao.org/json5/download/json5-0.5.1.tgz?cache=0&sync_timestamp=1586048159205&other_urls=https%3A%2F%2Fregistry.npm.taobao.org%2Fjson5%2Fdownload%2Fjson5-0.5.1.tgz"
                },
                "lodash": {
                  "version": "https://registry.npm.taobao.org/lodash/download/lodash-4.17.15.tgz"
                },
                "minimatch": {
                  "version": "https://registry.npm.taobao.org/minimatch/download/minimatch-3.0.4.tgz"
                },
                "path-is-absolute": {
                  "version": "https://registry.npm.taobao.org/path-is-absolute/download/path-is-absolute-1.0.1.tgz"
                },
                "private": {
                  "version": "https://registry.npm.taobao.org/private/download/private-0.1.8.tgz"
                },
                "slash": {
                  "version": "https://registry.npm.taobao.org/slash/download/slash-1.0.0.tgz?cache=0&sync_timestamp=1585561426915&other_urls=https%3A%2F%2Fregistry.npm.taobao.org%2Fslash%2Fdownload%2Fslash-1.0.0.tgz"
                },
                "source-map": {
                  "version": "https://registry.npm.taobao.org/source-map/download/source-map-0.5.7.tgz"
                }
              }
            },
            "babel-runtime": {
              "version": "https://registry.npm.taobao.org/babel-runtime/download/babel-runtime-6.26.0.tgz",
              "dependencies": {
                "core-js": {
                  "version": "https://registry.npm.taobao.org/core-js/download/core-js-2.6.11.tgz?cache=0&sync_timestamp=1586450387231&other_urls=https%3A%2F%2Fregistry.npm.taobao.org%2Fcore-js%2Fdownload%2Fcore-js-2.6.11.tgz",
                  "bundled": true
                },
                "regenerator-runtime": {
                  "version": "https://registry.npm.taobao.org/regenerator-runtime/download/regenerator-runtime-0.11.1.tgz",
                  "bundled": true
                }
              }
            },
            "core-js": {
              "version": "https://registry.npm.taobao.org/core-js/download/core-js-2.6.11.tgz?cache=0&sync_timestamp=1586450387231&other_urls=https%3A%2F%2Fregistry.npm.taobao.org%2Fcore-js%2Fdownload%2Fcore-js-2.6.11.tgz"
            },
            "home-or-tmp": {
              "version": "https://registry.npm.taobao.org/home-or-tmp/download/home-or-tmp-2.0.0.tgz"
            },
            "lodash": {
              "version": "https://registry.npm.taobao.org/lodash/download/lodash-4.17.15.tgz"
            },
            "mkdirp": {
              "version": "https://registry.npm.taobao.org/mkdirp/download/mkdirp-0.5.5.tgz?cache=0&sync_timestamp=1587535418745&other_urls=https%3A%2F%2Fregistry.npm.taobao.org%2Fmkdirp%2Fdownload%2Fmkdirp-0.5.5.tgz"
            },
            "source-map-support": {
              "version": "https://registry.npm.taobao.org/source-map-support/download/source-map-support-0.4.18.tgz?cache=0&sync_timestamp=1587719493563&other_urls=https%3A%2F%2Fregistry.npm.taobao.org%2Fsource-map-support%2Fdownload%2Fsource-map-support-0.4.18.tgz"
            }
          }
        },
        "babel-runtime": {
          "version": "https://registry.npm.taobao.org/babel-runtime/download/babel-runtime-6.26.0.tgz",
          "bundled": true,
          "dependencies": {
            "core-js": {
              "version": "https://registry.npm.taobao.org/core-js/download/core-js-2.6.11.tgz?cache=0&sync_timestamp=1586450387231&other_urls=https%3A%2F%2Fregistry.npm.taobao.org%2Fcore-js%2Fdownload%2Fcore-js-2.6.11.tgz",
              "bundled": true
            },
            "regenerator-runtime": {
              "version": "https://registry.npm.taobao.org/regenerator-runtime/download/regenerator-runtime-0.11.1.tgz",
              "bundled": true
            }
          }
        },
        "chokidar": {
          "version": "https://registry.npm.taobao.org/chokidar/download/chokidar-1.7.0.tgz?cache=0&sync_timestamp=1587911215694&other_urls=https%3A%2F%2Fregistry.npm.taobao.org%2Fchokidar%2Fdownload%2Fchokidar-1.7.0.tgz",
          "bundled": true
        },
        "commander": {
          "version": "https://registry.npm.taobao.org/commander/download/commander-2.20.3.tgz?cache=0&sync_timestamp=1587781847999&other_urls=https%3A%2F%2Fregistry.npm.taobao.org%2Fcommander%2Fdownload%2Fcommander-2.20.3.tgz",
          "bundled": true
        },
        "convert-source-map": {
          "version": "https://registry.npm.taobao.org/convert-source-map/download/convert-source-map-1.7.0.tgz",
          "bundled": true
        },
        "fs-readdir-recursive": {
          "version": "https://registry.npm.taobao.org/fs-readdir-recursive/download/fs-readdir-recursive-1.1.0.tgz",
          "bundled": true
        },
        "glob": {
          "version": "https://registry.npm.taobao.org/glob/download/glob-7.1.6.tgz",
          "bundled": true
        },
        "lodash": {
          "version": "https://registry.npm.taobao.org/lodash/download/lodash-4.17.15.tgz",
          "bundled": true
        },
        "output-file-sync": {
          "version": "https://registry.npm.taobao.org/output-file-sync/download/output-file-sync-1.1.2.tgz",
          "bundled": true
        },
        "path-is-absolute": {
          "version": "https://registry.npm.taobao.org/path-is-absolute/download/path-is-absolute-1.0.1.tgz",
          "bundled": true
        },
        "slash": {
          "version": "https://registry.npm.taobao.org/slash/download/slash-1.0.0.tgz?cache=0&sync_timestamp=1585561426915&other_urls=https%3A%2F%2Fregistry.npm.taobao.org%2Fslash%2Fdownload%2Fslash-1.0.0.tgz",
          "bundled": true
        },
        "source-map": {
          "version": "https://registry.npm.taobao.org/source-map/download/source-map-0.5.7.tgz",
          "bundled": true
        },
        "v8flags": {
          "version": "https://registry.npm.taobao.org/v8flags/download/v8flags-2.1.1.tgz",
          "bundled": true
        }
      }
    },
    "babel-env": {
      "version": "2.4.1",
      "resolved": "https://registry.npm.taobao.org/babel-env/download/babel-env-2.4.1.tgz",
      "dev": true,
      "requires": {
        "babel-cli": "^6.24.0"
      },
      "dependencies": {
        "babel-cli": {
          "version": "https://registry.npm.taobao.org/babel-cli/download/babel-cli-6.26.0.tgz",
          "bundled": true
        },
        "babel-core": {
          "version": "https://registry.npm.taobao.org/babel-core/download/babel-core-6.26.3.tgz?cache=0&other_urls=https%3A%2F%2Fregistry.npm.taobao.org%2Fbabel-core%2Fdownload%2Fbabel-core-6.26.3.tgz",
          "bundled": true,
          "dependencies": {
            "babel-code-frame": {
              "version": "https://registry.npm.taobao.org/babel-code-frame/download/babel-code-frame-6.26.0.tgz",
              "dependencies": {}
            },
            "babel-generator": {
              "version": "https://registry.npm.taobao.org/babel-generator/download/babel-generator-6.26.1.tgz"
            },
            "babel-helpers": {
              "version": "https://registry.npm.taobao.org/babel-helpers/download/babel-helpers-6.24.1.tgz"
            },
            "babel-messages": {
              "version": "https://registry.npm.taobao.org/babel-messages/download/babel-messages-6.23.0.tgz",
              "dependencies": {}
            },
            "babel-register": {
              "version": "https://registry.npm.taobao.org/babel-register/download/babel-register-6.26.0.tgz"
            },
            "babel-runtime": {
              "version": "https://registry.npm.taobao.org/babel-runtime/download/babel-runtime-6.26.0.tgz",
              "dependencies": {}
            },
            "babel-template": {
              "version": "https://registry.npm.taobao.org/babel-template/download/babel-template-6.26.0.tgz",
              "dependencies": {}
            },
            "babel-traverse": {
              "version": "https://registry.npm.taobao.org/babel-traverse/download/babel-traverse-6.26.0.tgz",
              "dependencies": {}
            },
            "babel-types": {
              "version": "https://registry.npm.taobao.org/babel-types/download/babel-types-6.26.0.tgz",
              "dependencies": {}
            },
            "babylon": {
              "version": "https://registry.npm.taobao.org/babylon/download/babylon-6.18.0.tgz"
            },
            "convert-source-map": {
              "version": "https://registry.npm.taobao.org/convert-source-map/download/convert-source-map-1.7.0.tgz",
              "dependencies": {}
            },
            "debug": {
              "version": "https://registry.npm.taobao.org/debug/download/debug-2.6.9.tgz",
              "dependencies": {}
            },
            "json5": {
              "version": "https://registry.npm.taobao.org/json5/download/json5-0.5.1.tgz?cache=0&sync_timestamp=1586048159205&other_urls=https%3A%2F%2Fregistry.npm.taobao.org%2Fjson5%2Fdownload%2Fjson5-0.5.1.tgz"
            },
            "lodash": {
              "version": "https://registry.npm.taobao.org/lodash/download/lodash-4.17.15.tgz"
            },
            "minimatch": {
              "version": "https://registry.npm.taobao.org/minimatch/download/minimatch-3.0.4.tgz"
            },
            "path-is-absolute": {
              "version": "https://registry.npm.taobao.org/path-is-absolute/download/path-is-absolute-1.0.1.tgz"
            },
            "private": {
              "version": "https://registry.npm.taobao.org/private/download/private-0.1.8.tgz"
            },
            "slash": {
              "version": "https://registry.npm.taobao.org/slash/download/slash-1.0.0.tgz?cache=0&sync_timestamp=1585561426915&other_urls=https%3A%2F%2Fregistry.npm.taobao.org%2Fslash%2Fdownload%2Fslash-1.0.0.tgz"
            },
            "source-map": {
              "version": "https://registry.npm.taobao.org/source-map/download/source-map-0.5.7.tgz"
            }
          }
        },
        "babel-plugin-transform-class-properties": {
          "version": "https://registry.npm.taobao.org/babel-plugin-transform-class-properties/download/babel-plugin-transform-class-properties-6.24.1.tgz",
          "bundled": true
        },
        "babel-plugin-transform-decorators": {
          "version": "https://registry.npm.taobao.org/babel-plugin-transform-decorators/download/babel-plugin-transform-decorators-6.24.1.tgz",
          "bundled": true,
          "dependencies": {
            "babel-helper-explode-class": {
              "version": "https://registry.npm.taobao.org/babel-helper-explode-class/download/babel-helper-explode-class-6.24.1.tgz",
              "bundled": true
            },
            "babel-plugin-syntax-decorators": {
              "version": "https://registry.npm.taobao.org/babel-plugin-syntax-decorators/download/babel-plugin-syntax-decorators-6.13.0.tgz",
              "bundled": true
            },
            "babel-runtime": {
              "version": "https://registry.npm.taobao.org/babel-runtime/download/babel-runtime-6.26.0.tgz",
              "bundled": true,
              "dependencies": {
                "core-js": {
                  "version": "https://registry.npm.taobao.org/core-js/download/core-js-2.6.11.tgz?cache=0&sync_timestamp=1586450387231&other_urls=https%3A%2F%2Fregistry.npm.taobao.org%2Fcore-js%2Fdownload%2Fcore-js-2.6.11.tgz",
                  "bundled": true
                },
                "regenerator-runtime": {
                  "version": "https://registry.npm.taobao.org/regenerator-runtime/download/regenerator-runtime-0.11.1.tgz",
                  "bundled": true
                }
              }
            },
            "babel-template": {
              "version": "https://registry.npm.taobao.org/babel-template/download/babel-template-6.26.0.tgz",
              "bundled": true,
              "dependencies": {
                "babel-runtime": {
                  "version": "https://registry.npm.taobao.org/babel-runtime/download/babel-runtime-6.26.0.tgz",
                  "bundled": true,
                  "dependencies": {}
                },
                "babel-traverse": {
                  "version": "https://registry.npm.taobao.org/babel-traverse/download/babel-traverse-6.26.0.tgz",
                  "bundled": true
                },
                "babel-types": {
                  "version": "https://registry.npm.taobao.org/babel-types/download/babel-types-6.26.0.tgz",
                  "bundled": true,
                  "dependencies": {}
                },
                "babylon": {
                  "version": "https://registry.npm.taobao.org/babylon/download/babylon-6.18.0.tgz",
                  "bundled": true
                },
                "lodash": {
                  "version": "https://registry.npm.taobao.org/lodash/download/lodash-4.17.15.tgz",
                  "bundled": true
                }
              }
            },
            "babel-types": {
              "version": "https://registry.npm.taobao.org/babel-types/download/babel-types-6.26.0.tgz",
              "bundled": true,
              "dependencies": {
                "babel-runtime": {
                  "version": "https://registry.npm.taobao.org/babel-runtime/download/babel-runtime-6.26.0.tgz",
                  "dependencies": {}
                },
                "esutils": {
                  "version": "https://registry.npm.taobao.org/esutils/download/esutils-2.0.3.tgz"
                },
                "lodash": {
                  "version": "https://registry.npm.taobao.org/lodash/download/lodash-4.17.15.tgz"
                },
                "to-fast-properties": {
                  "version": "https://registry.npm.taobao.org/to-fast-properties/download/to-fast-properties-1.0.3.tgz"
                }
              }
            }
          }
        },
        "babel-plugin-transform-react-constant-elements": {
          "version": "https://registry.npm.taobao.org/babel-plugin-transform-react-constant-elements/download/babel-plugin-transform-react-constant-elements-6.23.0.tgz",
          "bundled": true
        },
        "babel-plugin-transform-react-inline-elements": {
          "version": "https://registry.npm.taobao.org/babel-plugin-transform-react-inline-elements/download/babel-plugin-transform-react-inline-elements-6.22.0.tgz",
          "bundled": true
        },
        "babel-polyfill": {
          "version": "https://registry.npm.taobao.org/babel-polyfill/download/babel-polyfill-6.26.0.tgz",
          "bundled": true,
          "dependencies": {
            "babel-runtime": {
              "version": "https://registry.npm.taobao.org/babel-runtime/download/babel-runtime-6.26.0.tgz",
              "bundled": true,
              "dependencies": {
                "core-js": {
                  "version": "https://registry.npm.taobao.org/core-js/download/core-js-2.6.11.tgz?cache=0&sync_timestamp=1586450387231&other_urls=https%3A%2F%2Fregistry.npm.taobao.org%2Fcore-js%2Fdownload%2Fcore-js-2.6.11.tgz",
                  "bundled": true
                },
                "regenerator-runtime": {
                  "version": "https://registry.npm.taobao.org/regenerator-runtime/download/regenerator-runtime-0.11.1.tgz",
                  "bundled": true
                }
              }
            },
            "core-js": {
              "version": "https://registry.npm.taobao.org/core-js/download/core-js-2.6.11.tgz?cache=0&sync_timestamp=1586450387231&other_urls=https%3A%2F%2Fregistry.npm.taobao.org%2Fcore-js%2Fdownload%2Fcore-js-2.6.11.tgz",
              "bundled": true
            },
            "regenerator-runtime": {
              "version": "https://registry.npm.taobao.org/regenerator-runtime/download/regenerator-runtime-0.10.5.tgz",
              "bundled": true
            }
          }
        },
        "babel-preset-env": {
          "version": "https://registry.npm.taobao.org/babel-preset-env/download/babel-preset-env-1.7.0.tgz",
          "bundled": true
        },
        "babel-preset-react": {
          "version": "https://registry.npm.taobao.org/babel-preset-react/download/babel-preset-react-6.24.1.tgz",
          "bundled": true
        },
        "babel-preset-stage-0": {
          "version": "https://registry.npm.taobao.org/babel-preset-stage-0/download/babel-preset-stage-0-6.24.1.tgz",
          "bundled": true
        }
      }
    }
  }
}
